{
  "nodes": {
    "home-manager": {
      "inputs": {
        "nixpkgs": [
          "nixpkgs"
        ]
      },
      "locked": {
        "lastModified": 1754225444,
        "narHash": "sha256-mv01SQtqlhBMavc1dgNjgqJw4WfZxy+w3xBgwJU3YmU=",
        "owner": "nix-community",
        "repo": "home-manager",
        "rev": "0de18bd5c6681280d7ae017fa34ffd91bdcf0557",
        "type": "github"
      },
      "original": {
        "owner": "nix-community",
        "repo": "home-manager",
        "type": "github"
      }
    },
    "impermanence": {
      "locked": {
        "lastModified": 1737831083,
        "narHash": "sha256-LJggUHbpyeDvNagTUrdhe/pRVp4pnS6wVKALS782gRI=",
        "owner": "nix-community",
        "repo": "impermanence",
        "rev": "4b3e914cdf97a5b536a889e939fb2fd2b043a170",
        "type": "github"
      },
      "original": {
        "owner": "nix-community",
        "repo": "impermanence",
        "type": "github"
      }
    },
    "nixos-hardware": {
      "locked": {
        "lastModified": 1754229794,
        "narHash": "sha256-yOl7REX6O/1mh+tpscJPKgjK6nmXSMOB1xhmDNAMUZM=",
        "owner": "nixos",
        "repo": "nixos-hardware",
        "rev": "a872d985392ee5b19d8409bfcc3f106de2070070",
        "type": "github"
      },
      "original": {
        "owner": "nixos",
        "repo": "nixos-hardware",
        "type": "github"
      }
    },
    "nixpkgs": {
      "locked": {
        "lastModified": 1753939845,
        "narHash": "sha256-K2ViRJfdVGE8tpJejs8Qpvvejks1+A4GQej/lBk5y7I=",
        "owner": "nixos",
        "repo": "nixpkgs",
        "rev": "94def634a20494ee057c76998843c015909d6311",
        "type": "github"
      },
      "original": {
        "owner": "nixos",
        "ref": "nixos-unstable",
        "repo": "nixpkgs",
        "type": "github"
      }
    },
    "nixpkgs-master": {
      "locked": {
        "lastModified": 1754250375,
        "narHash": "sha256-RKB9x0q+0zVGCcDBJMqS/lDP86jgc7p5aYqBrQwngDU=",
        "owner": "nixos",
        "repo": "nixpkgs",
        "rev": "50df5732585860ab15e2993f9337b90ec5521171",
        "type": "github"
      },
      "original": {
        "owner": "nixos",
        "repo": "nixpkgs",
        "type": "github"
      }
    },
    "root": {
      "inputs": {
        "home-manager": "home-manager",
        "impermanence": "impermanence",
        "nixos-hardware": "nixos-hardware",
        "nixpkgs": "nixpkgs",
        "nixpkgs-master": "nixpkgs-master"
      }
    }
  },
  "root": "root",
  "version": 7
}
